lockfile_version: '1'
generated_at: '2026-07-15T12:43:02.267044+00:00'
apm_version: 0.25.0
dependencies:
- repo_url: mattpocock/skills
  name: mattpocock-skills
  host: github.com
  resolved_commit: e9fcdf95b402d360f90f1db8d776d5dd450f9234
  version: 1.2.0
  package_type: marketplace_plugin
  deployed_files:
  - .agents/skills/domain-modeling
  - .agents/skills/domain-modeling/ADR-FORMAT.md
  - .agents/skills/domain-modeling/CONTEXT-FORMAT.md
  - .agents/skills/domain-modeling/SKILL.md
  - .agents/skills/domain-modeling/agents/openai.yaml
  - .agents/skills/grill-with-docs
  - .agents/skills/grill-with-docs/SKILL.md
  - .agents/skills/grill-with-docs/agents/openai.yaml
  - .agents/skills/grilling
  - .agents/skills/grilling/SKILL.md
  - .agents/skills/grilling/agents/openai.yaml
  - .claude/skills/domain-modeling
  - .claude/skills/domain-modeling/ADR-FORMAT.md
  - .claude/skills/domain-modeling/CONTEXT-FORMAT.md
  - .claude/skills/domain-modeling/SKILL.md
  - .claude/skills/domain-modeling/agents/openai.yaml
  - .claude/skills/grill-with-docs
  - .claude/skills/grill-with-docs/SKILL.md
  - .claude/skills/grill-with-docs/agents/openai.yaml
  - .claude/skills/grilling
  - .claude/skills/grilling/SKILL.md
  - .claude/skills/grilling/agents/openai.yaml
  deployed_file_hashes:
    .agents/skills/domain-modeling/ADR-FORMAT.md: sha256:f1f36cd3f8d3b6474ddd5855da4e233bfc4ae1a1c5024909ccf11871819a41b2
    .agents/skills/domain-modeling/CONTEXT-FORMAT.md: sha256:b8cc318f2a4285b530e908b6bc43901c3c5cd11100362636bbc4216639bef597
    .agents/skills/domain-modeling/SKILL.md: sha256:152e2c97239affb12a60c5f4a7e74ab546a49ae169688c81f4e2ccc42dafa579
    .agents/skills/domain-modeling/agents/openai.yaml: sha256:f6bf2aa996c6e6f53fdd0708e18a0d16a56aed8322cca59fedbe3c0d2c75f06b
    .agents/skills/grill-with-docs/SKILL.md: sha256:610d091047bcfb9db0f75c057d15538481a721111579fc5ec7f83ad9131a2165
    .agents/skills/grill-with-docs/agents/openai.yaml: sha256:94cd0ab161fb468a836349f5ed482ba58ce8e709a05c57ce533d739dbd35cca9
    .agents/skills/grilling/SKILL.md: sha256:44331dda57f461db4fec3f2efb6ddabe7aaaa0a57ae0f88a883bc61aed8a0587
    .agents/skills/grilling/agents/openai.yaml: sha256:cf29b9a8dbf35a58a908a6ca4f64dcd86c2b2130291eee0a78b9f706b138825b
    .claude/skills/domain-modeling/ADR-FORMAT.md: sha256:f1f36cd3f8d3b6474ddd5855da4e233bfc4ae1a1c5024909ccf11871819a41b2
    .claude/skills/domain-modeling/CONTEXT-FORMAT.md: sha256:b8cc318f2a4285b530e908b6bc43901c3c5cd11100362636bbc4216639bef597
    .claude/skills/domain-modeling/SKILL.md: sha256:152e2c97239affb12a60c5f4a7e74ab546a49ae169688c81f4e2ccc42dafa579
    .claude/skills/domain-modeling/agents/openai.yaml: sha256:f6bf2aa996c6e6f53fdd0708e18a0d16a56aed8322cca59fedbe3c0d2c75f06b
    .claude/skills/grill-with-docs/SKILL.md: sha256:610d091047bcfb9db0f75c057d15538481a721111579fc5ec7f83ad9131a2165
    .claude/skills/grill-with-docs/agents/openai.yaml: sha256:94cd0ab161fb468a836349f5ed482ba58ce8e709a05c57ce533d739dbd35cca9
    .claude/skills/grilling/SKILL.md: sha256:44331dda57f461db4fec3f2efb6ddabe7aaaa0a57ae0f88a883bc61aed8a0587
    .claude/skills/grilling/agents/openai.yaml: sha256:cf29b9a8dbf35a58a908a6ca4f64dcd86c2b2130291eee0a78b9f706b138825b
  content_hash: sha256:4e4397ce0bc4b594d3ecf1c5a9d48f9f6cd536de970e80703320ca1cf5f2fe56
  skill_subset:
  - domain-modeling
  - grill-with-docs
  - grilling
  declared_license: MIT
deployments:
- kind: project-relative
  target: agents
  value: .agents/skills/domain-modeling
  runtime: null
  scope: project
  owners:
  - mattpocock/skills
  active_owner: mattpocock/skills
  content_hash: null
- kind: project-relative
  target: agents
  value: .agents/skills/domain-modeling/ADR-FORMAT.md
  runtime: null
  scope: project
  owners:
  - mattpocock/skills
  active_owner: mattpocock/skills
  content_hash: sha256:f1f36cd3f8d3b6474ddd5855da4e233bfc4ae1a1c5024909ccf11871819a41b2
- kind: project-relative
  target: agents
  value: .agents/skills/domain-modeling/CONTEXT-FORMAT.md
  runtime: null
  scope: project
  owners:
  - mattpocock/skills
  active_owner: mattpocock/skills
  content_hash: sha256:b8cc318f2a4285b530e908b6bc43901c3c5cd11100362636bbc4216639bef597
- kind: project-relative
  target: agents
  value: .agents/skills/domain-modeling/SKILL.md
  runtime: null
  scope: project
  owners:
  - mattpocock/skills
  active_owner: mattpocock/skills
  content_hash: sha256:152e2c97239affb12a60c5f4a7e74ab546a49ae169688c81f4e2ccc42dafa579
- kind: project-relative
  target: agents
  value: .agents/skills/domain-modeling/agents/openai.yaml
  runtime: null
  scope: project
  owners:
  - mattpocock/skills
  active_owner: mattpocock/skills
  content_hash: sha256:f6bf2aa996c6e6f53fdd0708e18a0d16a56aed8322cca59fedbe3c0d2c75f06b
- kind: project-relative
  target: agents
  value: .agents/skills/grill-with-docs
  runtime: null
  scope: project
  owners:
  - mattpocock/skills
  active_owner: mattpocock/skills
  content_hash: null
- kind: project-relative
  target: agents
  value: .agents/skills/grill-with-docs/SKILL.md
  runtime: null
  scope: project
  owners:
  - mattpocock/skills
  active_owner: mattpocock/skills
  content_hash: sha256:610d091047bcfb9db0f75c057d15538481a721111579fc5ec7f83ad9131a2165
- kind: project-relative
  target: agents
  value: .agents/skills/grill-with-docs/agents/openai.yaml
  runtime: null
  scope: project
  owners:
  - mattpocock/skills
  active_owner: mattpocock/skills
  content_hash: sha256:94cd0ab161fb468a836349f5ed482ba58ce8e709a05c57ce533d739dbd35cca9
- kind: project-relative
  target: agents
  value: .agents/skills/grilling
  runtime: null
  scope: project
  owners:
  - mattpocock/skills
  active_owner: mattpocock/skills
  content_hash: null
- kind: project-relative
  target: agents
  value: .agents/skills/grilling/SKILL.md
  runtime: null
  scope: project
  owners:
  - mattpocock/skills
  active_owner: mattpocock/skills
  content_hash: sha256:44331dda57f461db4fec3f2efb6ddabe7aaaa0a57ae0f88a883bc61aed8a0587
- kind: project-relative
  target: agents
  value: .agents/skills/grilling/agents/openai.yaml
  runtime: null
  scope: project
  owners:
  - mattpocock/skills
  active_owner: mattpocock/skills
  content_hash: sha256:cf29b9a8dbf35a58a908a6ca4f64dcd86c2b2130291eee0a78b9f706b138825b
- kind: project-relative
  target: claude
  value: .claude/skills/domain-modeling
  runtime: null
  scope: project
  owners:
  - mattpocock/skills
  active_owner: mattpocock/skills
  content_hash: null
- kind: project-relative
  target: claude
  value: .claude/skills/domain-modeling/ADR-FORMAT.md
  runtime: null
  scope: project
  owners:
  - mattpocock/skills
  active_owner: mattpocock/skills
  content_hash: sha256:f1f36cd3f8d3b6474ddd5855da4e233bfc4ae1a1c5024909ccf11871819a41b2
- kind: project-relative
  target: claude
  value: .claude/skills/domain-modeling/CONTEXT-FORMAT.md
  runtime: null
  scope: project
  owners:
  - mattpocock/skills
  active_owner: mattpocock/skills
  content_hash: sha256:b8cc318f2a4285b530e908b6bc43901c3c5cd11100362636bbc4216639bef597
- kind: project-relative
  target: claude
  value: .claude/skills/domain-modeling/SKILL.md
  runtime: null
  scope: project
  owners:
  - mattpocock/skills
  active_owner: mattpocock/skills
  content_hash: sha256:152e2c97239affb12a60c5f4a7e74ab546a49ae169688c81f4e2ccc42dafa579
- kind: project-relative
  target: claude
  value: .claude/skills/domain-modeling/agents/openai.yaml
  runtime: null
  scope: project
  owners:
  - mattpocock/skills
  active_owner: mattpocock/skills
  content_hash: sha256:f6bf2aa996c6e6f53fdd0708e18a0d16a56aed8322cca59fedbe3c0d2c75f06b
- kind: project-relative
  target: claude
  value: .claude/skills/grill-with-docs
  runtime: null
  scope: project
  owners:
  - mattpocock/skills
  active_owner: mattpocock/skills
  content_hash: null
- kind: project-relative
  target: claude
  value: .claude/skills/grill-with-docs/SKILL.md
  runtime: null
  scope: project
  owners:
  - mattpocock/skills
  active_owner: mattpocock/skills
  content_hash: sha256:610d091047bcfb9db0f75c057d15538481a721111579fc5ec7f83ad9131a2165
- kind: project-relative
  target: claude
  value: .claude/skills/grill-with-docs/agents/openai.yaml
  runtime: null
  scope: project
  owners:
  - mattpocock/skills
  active_owner: mattpocock/skills
  content_hash: sha256:94cd0ab161fb468a836349f5ed482ba58ce8e709a05c57ce533d739dbd35cca9
- kind: project-relative
  target: claude
  value: .claude/skills/grilling
  runtime: null
  scope: project
  owners:
  - mattpocock/skills
  active_owner: mattpocock/skills
  content_hash: null
- kind: project-relative
  target: claude
  value: .claude/skills/grilling/SKILL.md
  runtime: null
  scope: project
  owners:
  - mattpocock/skills
  active_owner: mattpocock/skills
  content_hash: sha256:44331dda57f461db4fec3f2efb6ddabe7aaaa0a57ae0f88a883bc61aed8a0587
- kind: project-relative
  target: claude
  value: .claude/skills/grilling/agents/openai.yaml
  runtime: null
  scope: project
  owners:
  - mattpocock/skills
  active_owner: mattpocock/skills
  content_hash: sha256:cf29b9a8dbf35a58a908a6ca4f64dcd86c2b2130291eee0a78b9f706b138825b
